{
  "name": "database-js-localstorage",
  "version": "1.0.0",
  "lockfileVersion": 1,
  "requires": true,
  "dependencies": {
    "database-js": {
      "version": "3.0.7",
      "resolved": "https://registry.npmjs.org/database-js/-/database-js-3.0.7.tgz",
      "integrity": "sha512-9xAxfhCGq1oxQFaIepUA4Bq3LCgo9a5K+MzeX35ZpxG5DdJ/5tTd7uRXgAUGzsbsmcebikUQC5L2ab+knTskBQ==",
      "dev": true
    },
    "node-sqlparser": {
      "version": "1.0.4",
      "resolved": "https://registry.npmjs.org/node-sqlparser/-/node-sqlparser-1.0.4.tgz",
      "integrity": "sha512-aw3UIkk+4J6e55x7JH03ZbrYBsfyoMQaCHukfOXgSGqFgc0UG/zM7njxk3y1bc5DXmmtHXlm9yLCacc+qaMBmg=="
    }
  }
}
